
Microsoft Visual Studio Solution File, Format Version 12.00
# Visual Studio Version 16
VisualStudioVersion = 16.0.31321.278
MinimumVisualStudioVersion = 10.0.40219.1
Project("{FAE04EC0-301F-11D3-BF4B-00C04F79EFBC}") = "CartaoVirtual", "CartaoVirtual\CartaoVirtual.csproj", "{45157504-D1C1-497B-B40F-3A280370B911}"
EndProject
Global
	GlobalSection(SolutionConfigurationPlatforms) = preSolution
		Debug|Any CPU = Debug|Any CPU
		Release|Any CPU = Release|Any CPU
	EndGlobalSection
	GlobalSection(ProjectConfigurationPlatforms) = postSolution
		{45157504-D1C1-497B-B40F-3A280370B911}.Debug|Any CPU.ActiveCfg = Debug|Any CPU
		{45157504-D1C1-497B-B40F-3A280370B911}.Debug|Any CPU.Build.0 = Debug|Any CPU
		{45157504-D1C1-497B-B40F-3A280370B911}.Release|Any CPU.ActiveCfg = Release|Any CPU
		{45157504-D1C1-497B-B40F-3A280370B911}.Release|Any CPU.Build.0 = Release|Any CPU
	EndGlobalSection
	GlobalSection(SolutionProperties) = preSolution
		HideSolutionNode = FALSE
	EndGlobalSection
	GlobalSection(ExtensibilityGlobals) = postSolution
		SolutionGuid = {1CFBAD47-98DF-470A-8AFE-346DE1603D30}
	EndGlobalSection
EndGlobal
